# THIS IS AN AUTOGENERATED FILE. DO NOT EDIT THIS FILE DIRECTLY.
# yarn lockfile v1


goss_proto@^1.0.0:
  version "1.0.0"
  resolved "https://registry.yarnpkg.com/goss_proto/-/goss_proto-1.0.0.tgz#17e67d3237ec9f3deba1a5fd48cc93b7da96e225"
  integrity sha512-4GQBX8r9tc4v0C5u4xFiPnTw6KQcNTH2BJRXUI2xSwHtynxhLODmDQmwxdc9RVbI5JC3xgNVht71hPj+snKc2Q==
